// !$*UTF8*$!
{
	archiveVersion = 1;
	classes = {
	};
	objectVersion = 56;
	objects = {

/* Begin PBXBuildFile section */
		D314D6192A4E4FFC00CC1491 /* test_conv.cpp in Sources */ = {isa = PBXBuildFile; fileRef = D314D6172A4E4FFC00CC1491 /* test_conv.cpp */; };
		D330A73F2A23C818009A12D2 /* main.cpp in Sources */ = {isa = PBXBuildFile; fileRef = D330A73E2A23C818009A12D2 /* main.cpp */; };
/* End PBXBuildFile section */

/* Begin PBXCopyFilesBuildPhase section */
		D330A7392A23C818009A12D2 /* CopyFiles */ = {
			isa = PBXCopyFilesBuildPhase;
			buildActionMask = 2147483647;
			dstPath = /usr/share/man/man1/;
			dstSubfolderSpec = 0;
			files = (
			);
			runOnlyForDeploymentPostprocessing = 1;
		};
/* End PBXCopyFilesBuildPhase section */

/* Begin PBXFileReference section */
		D314D6112A3F556500CC1491 /* include */ = {isa = PBXFileReference; lastKnownFileType = folder; name = include; path = "cnn-np-api/include"; sourceTree = "<group>"; };
		D314D6122A3F56CD00CC1491 /* cxxlapack */ = {isa = PBXFileReference; lastKnownFileType = folder; path = cxxlapack; sourceTree = "<group>"; };
		D314D6132A3F56CD00CC1491 /* cxxstd */ = {isa = PBXFileReference; lastKnownFileType = folder; path = cxxstd; sourceTree = "<group>"; };
		D314D6142A3F56CD00CC1491 /* cxxblas */ = {isa = PBXFileReference; lastKnownFileType = folder; path = cxxblas; sourceTree = "<group>"; };
		D314D6162A3F56DB00CC1491 /* external */ = {isa = PBXFileReference; lastKnownFileType = folder; path = external; sourceTree = "<group>"; };
		D314D6172A4E4FFC00CC1491 /* test_conv.cpp */ = {isa = PBXFileReference; lastKnownFileType = sourcecode.cpp.cpp; path = test_conv.cpp; sourceTree = "<group>"; };
		D314D61A2A4E507300CC1491 /* cnn.h */ = {isa = PBXFileReference; lastKnownFileType = sourcecode.c.h; path = cnn.h; sourceTree = "<group>"; };
		D330A73B2A23C818009A12D2 /* cnn-np-api */ = {isa = PBXFileReference; explicitFileType = "compiled.mach-o.executable"; includeInIndex = 0; path = "cnn-np-api"; sourceTree = BUILT_PRODUCTS_DIR; };
		D330A73E2A23C818009A12D2 /* main.cpp */ = {isa = PBXFileReference; lastKnownFileType = sourcecode.cpp.cpp; path = main.cpp; sourceTree = "<group>"; };
/* End PBXFileReference section */

/* Begin PBXFrameworksBuildPhase section */
		D330A7382A23C818009A12D2 /* Frameworks */ = {
			isa = PBXFrameworksBuildPhase;
			buildActionMask = 2147483647;
			files = (
			);
			runOnlyForDeploymentPostprocessing = 0;
		};
/* End PBXFrameworksBuildPhase section */

/* Begin PBXGroup section */
		D330A7322A23C818009A12D2 = {
			isa = PBXGroup;
			children = (
				D314D6172A4E4FFC00CC1491 /* test_conv.cpp */,
				D314D6162A3F56DB00CC1491 /* external */,
				D314D6142A3F56CD00CC1491 /* cxxblas */,
				D314D6122A3F56CD00CC1491 /* cxxlapack */,
				D314D6132A3F56CD00CC1491 /* cxxstd */,
				D314D6112A3F556500CC1491 /* include */,
				D330A73D2A23C818009A12D2 /* cnn-np-api */,
				D330A73C2A23C818009A12D2 /* Products */,
			);
			sourceTree = "<group>";
		};
		D330A73C2A23C818009A12D2 /* Products */ = {
			isa = PBXGroup;
			children = (
				D330A73B2A23C818009A12D2 /* cnn-np-api */,
			);
			name = Products;
			sourceTree = "<group>";
		};
		D330A73D2A23C818009A12D2 /* cnn-np-api */ = {
			isa = PBXGroup;
			children = (
				D330A73E2A23C818009A12D2 /* main.cpp */,
				D314D61A2A4E507300CC1491 /* cnn.h */,
			);
			path = "cnn-np-api";
			sourceTree = "<group>";
		};
/* End PBXGroup section */

/* Begin PBXNativeTarget section */
		D330A73A2A23C818009A12D2 /* cnn-np-api */ = {
			isa = PBXNativeTarget;
			buildConfigurationList = D330A7422A23C818009A12D2 /* Build configuration list for PBXNativeTarget "cnn-np-api" */;
			buildPhases = (
				D330A7372A23C818009A12D2 /* Sources */,
				D330A7382A23C818009A12D2 /* Frameworks */,
				D330A7392A23C818009A12D2 /* CopyFiles */,
			);
			buildRules = (
			);
			dependencies = (
			);
			name = "cnn-np-api";
			productName = "cnn-np-api";
			productReference = D330A73B2A23C818009A12D2 /* cnn-np-api */;
			productType = "com.apple.product-type.tool";
		};
/* End PBXNativeTarget section */

/* Begin PBXProject section */
		D330A7332A23C818009A12D2 /* Project object */ = {
			isa = PBXProject;
			attributes = {
				BuildIndependentTargetsInParallel = 1;
				LastUpgradeCheck = 1420;
				TargetAttributes = {
					D330A73A2A23C818009A12D2 = {
						CreatedOnToolsVersion = 14.2;
					};
				};
			};
			buildConfigurationList = D330A7362A23C818009A12D2 /* Build configuration list for PBXProject "cnn-np-api" */;
			compatibilityVersion = "Xcode 14.0";
			developmentRegion = en;
			hasScannedForEncodings = 0;
			knownRegions = (
				en,
				Base,
			);
			mainGroup = D330A7322A23C818009A12D2;
			productRefGroup = D330A73C2A23C818009A12D2 /* Products */;
			projectDirPath = "";
			projectRoot = "";
			targets = (
				D330A73A2A23C818009A12D2 /* cnn-np-api */,
			);
		};
/* End PBXProject section */

/* Begin PBXSourcesBuildPhase section */
		D330A7372A23C818009A12D2 /* Sources */ = {
			isa = PBXSourcesBuildPhase;
			buildActionMask = 2147483647;
			files = (
				D330A73F2A23C818009A12D2 /* main.cpp in Sources */,
				D314D6192A4E4FFC00CC1491 /* test_conv.cpp in Sources */,
			);
			runOnlyForDeploymentPostprocessing = 0;
		};
/* End PBXSourcesBuildPhase section */

/* Begin XCBuildConfiguration section */
		D330A7402A23C818009A12D2 /* Debug */ = {
			isa = XCBuildConfiguration;
			buildSettings = {
				ALWAYS_SEARCH_USER_PATHS = NO;
				CLANG_ANALYZER_NONNULL = YES;
				CLANG_ANALYZER_NUMBER_OBJECT_CONVERSION = YES_AGGRESSIVE;
				CLANG_CXX_LANGUAGE_STANDARD = "c++17";
				CLANG_ENABLE_MODULES = YES;
				CLANG_ENABLE_OBJC_ARC = YES;
				CLANG_ENABLE_OBJC_WEAK = YES;
				CLANG_WARN_BLOCK_CAPTURE_AUTORELEASING = YES;
				CLANG_WARN_BOOL_CONVERSION = YES;
				CLANG_WARN_COMMA = YES;
				CLANG_WARN_CONSTANT_CONVERSION = YES;
				CLANG_WARN_DEPRECATED_OBJC_IMPLEMENTATIONS = YES;
				CLANG_WARN_DIRECT_OBJC_ISA_USAGE = YES_ERROR;
				CLANG_WARN_DOCUMENTATION_COMMENTS = NO;
				CLANG_WARN_EMPTY_BODY = YES;
				CLANG_WARN_ENUM_CONVERSION = YES;
				CLANG_WARN_INFINITE_RECURSION = YES;
				CLANG_WARN_INT_CONVERSION = YES;
				CLANG_WARN_NON_LITERAL_NULL_CONVERSION = YES;
				CLANG_WARN_OBJC_IMPLICIT_RETAIN_SELF = YES;
				CLANG_WARN_OBJC_LITERAL_CONVERSION = YES;
				CLANG_WARN_OBJC_ROOT_CLASS = YES_ERROR;
				CLANG_WARN_QUOTED_INCLUDE_IN_FRAMEWORK_HEADER = YES;
				CLANG_WARN_RANGE_LOOP_ANALYSIS = YES;
				CLANG_WARN_STRICT_PROTOTYPES = YES;
				CLANG_WARN_SUSPICIOUS_MOVE = YES;
				CLANG_WARN_UNGUARDED_AVAILABILITY = YES_AGGRESSIVE;
				CLANG_WARN_UNREACHABLE_CODE = YES;
				CLANG_WARN__DUPLICATE_METHOD_MATCH = YES;
				COPY_PHASE_STRIP = NO;
				DEBUG_INFORMATION_FORMAT = dwarf;
				ENABLE_STRICT_OBJC_MSGSEND = YES;
				ENABLE_TESTABILITY = YES;
				GCC_C_LANGUAGE_STANDARD = gnu11;
				GCC_DYNAMIC_NO_PIC = NO;
				GCC_NO_COMMON_BLOCKS = YES;
				GCC_OPTIMIZATION_LEVEL = 0;
				GCC_PREPROCESSOR_DEFINITIONS = (
					"DEBUG=1",
					"$(inherited)",
				);
				GCC_WARN_64_TO_32_BIT_CONVERSION = YES;
				GCC_WARN_ABOUT_RETURN_TYPE = YES_ERROR;
				GCC_WARN_UNDECLARED_SELECTOR = YES;
				GCC_WARN_UNINITIALIZED_AUTOS = YES_AGGRESSIVE;
				GCC_WARN_UNUSED_FUNCTION = YES;
				GCC_WARN_UNUSED_VARIABLE = YES;
				HEADER_SEARCH_PATHS = (
					./include,
					"./cnn-np-api/include",
				);
				MACOSX_DEPLOYMENT_TARGET = 13.0;
				MTL_ENABLE_DEBUG_INFO = INCLUDE_SOURCE;
				MTL_FAST_MATH = YES;
				ONLY_ACTIVE_ARCH = YES;
				OTHER_CPLUSPLUSFLAGS = "$(OTHER_CFLAGS)";
				SDKROOT = macosx;
			};
			name = Debug;
		};
		D330A7412A23C818009A12D2 /* Release */ = {
			isa = XCBuildConfiguration;
			buildSettings = {
				ALWAYS_SEARCH_USER_PATHS = NO;
				CLANG_ANALYZER_NONNULL = YES;
				CLANG_ANALYZER_NUMBER_OBJECT_CONVERSION = YES_AGGRESSIVE;
				CLANG_CXX_LANGUAGE_STANDARD = "c++17";
				CLANG_ENABLE_MODULES = YES;
				CLANG_ENABLE_OBJC_ARC = YES;
				CLANG_ENABLE_OBJC_WEAK = YES;
				CLANG_WARN_BLOCK_CAPTURE_AUTORELEASING = YES;
				CLANG_WARN_BOOL_CONVERSION = YES;
				CLANG_WARN_COMMA = YES;
				CLANG_WARN_CONSTANT_CONVERSION = YES;
				CLANG_WARN_DEPRECATED_OBJC_IMPLEMENTATIONS = YES;
				CLANG_WARN_DIRECT_OBJC_ISA_USAGE = YES_ERROR;
				CLANG_WARN_DOCUMENTATION_COMMENTS = NO;
				CLANG_WARN_EMPTY_BODY = YES;
				CLANG_WARN_ENUM_CONVERSION = YES;
				CLANG_WARN_INFINITE_RECURSION = YES;
				CLANG_WARN_INT_CONVERSION = YES;
				CLANG_WARN_NON_LITERAL_NULL_CONVERSION = YES;
				CLANG_WARN_OBJC_IMPLICIT_RETAIN_SELF = YES;
				CLANG_WARN_OBJC_LITERAL_CONVERSION = YES;
				CLANG_WARN_OBJC_ROOT_CLASS = YES_ERROR;
				CLANG_WARN_QUOTED_INCLUDE_IN_FRAMEWORK_HEADER = YES;
				CLANG_WARN_RANGE_LOOP_ANALYSIS = YES;
				CLANG_WARN_STRICT_PROTOTYPES = YES;
				CLANG_WARN_SUSPICIOUS_MOVE = YES;
				CLANG_WARN_UNGUARDED_AVAILABILITY = YES_AGGRESSIVE;
				CLANG_WARN_UNREACHABLE_CODE = YES;
				CLANG_WARN__DUPLICATE_METHOD_MATCH = YES;
				COPY_PHASE_STRIP = NO;
				DEBUG_INFORMATION_FORMAT = "dwarf-with-dsym";
				ENABLE_NS_ASSERTIONS = NO;
				ENABLE_STRICT_OBJC_MSGSEND = YES;
				GCC_C_LANGUAGE_STANDARD = gnu11;
				GCC_NO_COMMON_BLOCKS = YES;
				GCC_WARN_64_TO_32_BIT_CONVERSION = YES;
				GCC_WARN_ABOUT_RETURN_TYPE = YES_ERROR;
				GCC_WARN_UNDECLARED_SELECTOR = YES;
				GCC_WARN_UNINITIALIZED_AUTOS = YES_AGGRESSIVE;
				GCC_WARN_UNUSED_FUNCTION = YES;
				GCC_WARN_UNUSED_VARIABLE = YES;
				HEADER_SEARCH_PATHS = (
					./include,
					"./cnn-np-api/include",
				);
				MACOSX_DEPLOYMENT_TARGET = 13.0;
				MTL_ENABLE_DEBUG_INFO = NO;
				MTL_FAST_MATH = YES;
				OTHER_CPLUSPLUSFLAGS = "$(OTHER_CFLAGS)";
				SDKROOT = macosx;
			};
			name = Release;
		};
		D330A7432A23C818009A12D2 /* Debug */ = {
			isa = XCBuildConfiguration;
			buildSettings = {
				CODE_SIGN_STYLE = Automatic;
				HEADER_SEARCH_PATHS = (
					./include,
					"./cnn-np-api/include",
				);
				PRODUCT_NAME = "$(TARGET_NAME)";
			};
			name = Debug;
		};
		D330A7442A23C818009A12D2 /* Release */ = {
			isa = XCBuildConfiguration;
			buildSettings = {
				CODE_SIGN_STYLE = Automatic;
				HEADER_SEARCH_PATHS = (
					./include,
					"./cnn-np-api/include",
				);
				PRODUCT_NAME = "$(TARGET_NAME)";
			};
			name = Release;
		};
/* End XCBuildConfiguration section */

/* Begin XCConfigurationList section */
		D330A7362A23C818009A12D2 /* Build configuration list for PBXProject "cnn-np-api" */ = {
			isa = XCConfigurationList;
			buildConfigurations = (
				D330A7402A23C818009A12D2 /* Debug */,
				D330A7412A23C818009A12D2 /* Release */,
			);
			defaultConfigurationIsVisible = 0;
			defaultConfigurationName = Release;
		};
		D330A7422A23C818009A12D2 /* Build configuration list for PBXNativeTarget "cnn-np-api" */ = {
			isa = XCConfigurationList;
			buildConfigurations = (
				D330A7432A23C818009A12D2 /* Debug */,
				D330A7442A23C818009A12D2 /* Release */,
			);
			defaultConfigurationIsVisible = 0;
			defaultConfigurationName = Release;
		};
/* End XCConfigurationList section */
	};
	rootObject = D330A7332A23C818009A12D2 /* Project object */;
}
